
Microsoft Visual Studio Solution File, Format Version 12.00
# Visual Studio Version 17
VisualStudioVersion = 17.5.002.0
MinimumVisualStudioVersion = 10.0.40219.1
Project("{9A19103F-16F7-4668-BE54-9A1E7A4F7556}") = "blog-appfunction-inprocess", "blog-appfunction-inprocess.csproj", "{934E2D1A-93D2-4414-BB8F-F4C150E07356}"
EndProject
Global
	GlobalSection(SolutionConfigurationPlatforms) = preSolution
		Debug|Any CPU = Debug|Any CPU
		Release|Any CPU = Release|Any CPU
	EndGlobalSection
	GlobalSection(ProjectConfigurationPlatforms) = postSolution
		{934E2D1A-93D2-4414-BB8F-F4C150E07356}.Debug|Any CPU.ActiveCfg = Debug|Any CPU
		{934E2D1A-93D2-4414-BB8F-F4C150E07356}.Debug|Any CPU.Build.0 = Debug|Any CPU
		{934E2D1A-93D2-4414-BB8F-F4C150E07356}.Release|Any CPU.ActiveCfg = Release|Any CPU
		{934E2D1A-93D2-4414-BB8F-F4C150E07356}.Release|Any CPU.Build.0 = Release|Any CPU
	EndGlobalSection
	GlobalSection(SolutionProperties) = preSolution
		HideSolutionNode = FALSE
	EndGlobalSection
	GlobalSection(ExtensibilityGlobals) = postSolution
		SolutionGuid = {707B71BC-084A-4694-A794-2FC0EB4028E0}
	EndGlobalSection
EndGlobal
